
Microsoft Visual Studio Solution File, Format Version 12.00
# Visual Studio 2013
VisualStudioVersion = 12.0.31101.0
MinimumVisualStudioVersion = 10.0.40219.1
Project("{FAE04EC0-301F-11D3-BF4B-00C04F79EFBC}") = "Raptorex", "Raptorex\Raptorex.csproj", "{1B45F4A2-0E9B-43CD-930B-DF4C9479DBBE}"
EndProject
Project("{FAE04EC0-301F-11D3-BF4B-00C04F79EFBC}") = "Raptorex.BO", "Raptorex.BO\Raptorex.BO.csproj", "{C63858B7-694C-4C6C-97F6-0926AEFF4686}"
EndProject
Project("{FAE04EC0-301F-11D3-BF4B-00C04F79EFBC}") = "Raptorex.DA", "Raptorex.DA\Raptorex.DA.csproj", "{EC6A5EAE-C47F-4ABD-AC74-1E57D0ACBC6D}"
EndProject
Project("{2150E333-8FDC-42A3-9474-1A3956D46DE8}") = "Tests", "Tests", "{4863014A-FBC2-4AFD-9BE9-F535029E62EC}"
EndProject
Project("{FAE04EC0-301F-11D3-BF4B-00C04F79EFBC}") = "Raptorex.Tests", "Raptorex.Tests\Raptorex.Tests.csproj", "{11BB6544-E343-4018-9BE5-C7D6BCD5C0A7}"
EndProject
Project("{2150E333-8FDC-42A3-9474-1A3956D46DE8}") = ".nuget", ".nuget", "{64115B93-6296-4686-BFDB-441402028469}"
	ProjectSection(SolutionItems) = preProject
		.nuget\packages.config = .nuget\packages.config
	EndProjectSection
EndProject
Project("{FAE04EC0-301F-11D3-BF4B-00C04F79EFBC}") = "Raptorex.DA.Tests", "Raptorex.DA.Tests\Raptorex.DA.Tests.csproj", "{5FAAE663-BD31-4D4B-BB0F-8C3D4707C080}"
EndProject
Global
	GlobalSection(SolutionConfigurationPlatforms) = preSolution
		Debug|Any CPU = Debug|Any CPU
		Release|Any CPU = Release|Any CPU
	EndGlobalSection
	GlobalSection(ProjectConfigurationPlatforms) = postSolution
		{1B45F4A2-0E9B-43CD-930B-DF4C9479DBBE}.Debug|Any CPU.ActiveCfg = Debug|Any CPU
		{1B45F4A2-0E9B-43CD-930B-DF4C9479DBBE}.Debug|Any CPU.Build.0 = Debug|Any CPU
		{1B45F4A2-0E9B-43CD-930B-DF4C9479DBBE}.Release|Any CPU.ActiveCfg = Release|Any CPU
		{1B45F4A2-0E9B-43CD-930B-DF4C9479DBBE}.Release|Any CPU.Build.0 = Release|Any CPU
		{C63858B7-694C-4C6C-97F6-0926AEFF4686}.Debug|Any CPU.ActiveCfg = Debug|Any CPU
		{C63858B7-694C-4C6C-97F6-0926AEFF4686}.Debug|Any CPU.Build.0 = Debug|Any CPU
		{C63858B7-694C-4C6C-97F6-0926AEFF4686}.Release|Any CPU.ActiveCfg = Release|Any CPU
		{C63858B7-694C-4C6C-97F6-0926AEFF4686}.Release|Any CPU.Build.0 = Release|Any CPU
		{EC6A5EAE-C47F-4ABD-AC74-1E57D0ACBC6D}.Debug|Any CPU.ActiveCfg = Debug|Any CPU
		{EC6A5EAE-C47F-4ABD-AC74-1E57D0ACBC6D}.Debug|Any CPU.Build.0 = Debug|Any CPU
		{EC6A5EAE-C47F-4ABD-AC74-1E57D0ACBC6D}.Release|Any CPU.ActiveCfg = Release|Any CPU
		{EC6A5EAE-C47F-4ABD-AC74-1E57D0ACBC6D}.Release|Any CPU.Build.0 = Release|Any CPU
		{11BB6544-E343-4018-9BE5-C7D6BCD5C0A7}.Debug|Any CPU.ActiveCfg = Debug|Any CPU
		{11BB6544-E343-4018-9BE5-C7D6BCD5C0A7}.Debug|Any CPU.Build.0 = Debug|Any CPU
		{11BB6544-E343-4018-9BE5-C7D6BCD5C0A7}.Release|Any CPU.ActiveCfg = Release|Any CPU
		{11BB6544-E343-4018-9BE5-C7D6BCD5C0A7}.Release|Any CPU.Build.0 = Release|Any CPU
		{5FAAE663-BD31-4D4B-BB0F-8C3D4707C080}.Debug|Any CPU.ActiveCfg = Debug|Any CPU
		{5FAAE663-BD31-4D4B-BB0F-8C3D4707C080}.Debug|Any CPU.Build.0 = Debug|Any CPU
		{5FAAE663-BD31-4D4B-BB0F-8C3D4707C080}.Release|Any CPU.ActiveCfg = Release|Any CPU
		{5FAAE663-BD31-4D4B-BB0F-8C3D4707C080}.Release|Any CPU.Build.0 = Release|Any CPU
	EndGlobalSection
	GlobalSection(SolutionProperties) = preSolution
		HideSolutionNode = FALSE
	EndGlobalSection
	GlobalSection(NestedProjects) = preSolution
		{11BB6544-E343-4018-9BE5-C7D6BCD5C0A7} = {4863014A-FBC2-4AFD-9BE9-F535029E62EC}
		{5FAAE663-BD31-4D4B-BB0F-8C3D4707C080} = {4863014A-FBC2-4AFD-9BE9-F535029E62EC}
	EndGlobalSection
EndGlobal
